bitbucket.org/taruti/mimemagic v0.0.0-20120314151349-e5179c80a024 h1:ZVEtxUBovI1CMcmmbJTiXty8PIuiszcsREpGgfPRTFk=
bitbucket.org/taruti/mimemagic v0.0.0-20120314151349-e5179c80a024/go.mod h1:SK3ZibXcOAUXNzKDFwVbcimuU+Sw2GCdxZHtZ+yyZrA=
github.com/aebruno/textsecure v0.0.0-20180401152730-b6c5e09f570b h1:F3+WgMyFClS7xEcLWZjyW3HKBwNDiT3VTirZfGp2UzY=
github.com/aebruno/textsecure v0.0.0-20180401152730-b6c5e09f570b/go.mod h1:scI98bGrX95A/7UpHwiOFKZVSKiD0Qp6ixIio5E16rk=
github.com/agl/ed25519 v0.0.0-20170116200512-5312a6153412 h1:w1UutsfOrms1J05zt7ISrnJIXKzwaspym5BTKGx93EI=
github.com/agl/ed25519 v0.0.0-20170116200512-5312a6153412/go.mod h1:WPjqKcmVOxf0XSf3YxCJs6N6AOSrOx3obionmG7T0y0=
github.com/golang/protobuf v0.0.0-20180328163153-e09c5db29600 h1:9JtpUrGhEHL+r4w4ahu0MxGWacOcA3TwaDKdukl3YBg=
github.com/golang/protobuf v0.0.0-20180328163153-e09c5db29600/go.mod h1:6lQm79b+lXiMfvg/cZm0SGofjICqVBUtrP5yJMmIC1U=
github.com/gorilla/websocket v0.0.0-20180306181548-eb925808374e h1:gEBLpjLv2NAWJlThiK3YnGgK2+8iE1yM+141x9CocSU=
github.com/gorilla/websocket v0.0.0-20180306181548-eb925808374e/go.mod h1:E7qHFY5m1UJ88s3WnNqhKjPHQ0heANvMoAMk2YaljkQ=
github.com/jmoiron/sqlx v0.0.0-20180228184624-cf35089a1979 h1:2Xvj9kCxHDj//km9z+jV09L1ATggC+0pDMjqqAfyWcY=
github.com/jmoiron/sqlx v0.0.0-20180228184624-cf35089a1979/go.mod h1:IiEW3SEiiErVyFdH8NTuWjSifiEQKUoyK3LNqr2kCHU=
github.com/mutecomm/go-sqlcipher v0.0.0-20170920224653-f799951b4ab2 h1:Q5L04ENac5Rx1K+vuxM7cjsrCgqSJNumYy3SHOQC4ec=
github.com/mutecomm/go-sqlcipher v0.0.0-20170920224653-f799951b4ab2/go.mod h1:S9Hougr2LhvUtZGY1fCTj9nr9P53lfsCCQ2XqVMFZX8=
github.com/nfnt/resize v0.0.0-20180221191011-83c6a9932646 h1:zYyBkD/k9seD2A7fsi6Oo2LfFZAehjjQMERAvZLEDnQ=
github.com/nfnt/resize v0.0.0-20180221191011-83c6a9932646/go.mod h1:jpp1/29i3P1S/RLdc7JQKbRpFeM1dOBd8T9ki5s+AY8=
github.com/rogpeppe/fastuuid v0.0.0-20150106093220-6724a57986af h1:gu+uRPtBe88sKxUCEXRoeCvVG90TJmwhiqRpvdhQFng=
github.com/rogpeppe/fastuuid v0.0.0-20150106093220-6724a57986af/go.mod h1:XWv6SoW27p1b0cqNHllgS5HIMJraePCO15w5zCzIWYg=
github.com/sirupsen/logrus v0.0.0-20180329225952-778f2e774c72 h1:BI8cisoUyvxGxbdsW8bt5a371/2lj58U37yC0rxA45w=
github.com/sirupsen/logrus v0.0.0-20180329225952-778f2e774c72/go.mod h1:pMByvHTf9Beacp5x1UXfOR9xyW/9antXMhjMPG0dEzc=
github.com/ttacon/builder v0.0.0-20170518171403-c099f663e1c2 h1:5u+EJUQiosu3JFX0XS0qTf5FznsMOzTjGqavBGuCbo0=
github.com/ttacon/builder v0.0.0-20170518171403-c099f663e1c2/go.mod h1:4kyMkleCiLkgY6z8gK5BkI01ChBtxR0ro3I1ZDcGM3w=
github.com/ttacon/libphonenumber v0.0.0-20180328005620-86899b0d756b h1:VXsA+r+lc+cyHH/FG1rmYEeOD7D35pmyZUI5D2hgl/Y=
github.com/ttacon/libphonenumber v0.0.0-20180328005620-86899b0d756b/go.mod h1:E0TpmdVMq5dyVlQ7oenAkhsLu86OkUl+yR4OAxyEg/M=
golang.org/x/crypto v0.0.0-20180330210355-12892e8c234f h1:EDv9U2dOjZ9sVn985FJw58XWqRwhtTnd0RxCfIzqKI8=
golang.org/x/crypto v0.0.0-20180330210355-12892e8c234f/go.mod h1:6SG95UA2DQfeDnfUPMdvaQW0Q7yPrPDi9nlGo2tz2b4=
golang.org/x/net v0.0.0-20180330215511-b68f30494add h1:oGr9qHpQTQvl/BmeWw95ZrQKahW4qdIPUiGfQkJYDsA=
golang.org/x/net v0.0.0-20180330215511-b68f30494add/go.mod h1:mL1N/T3taQHkDXs73rZJwtUhF3w3ftmwwsq0BUmARs4=
golang.org/x/sys v0.0.0-20180329131831-378d26f46672 h1:P+cuqFpXzcxn8UtAwY33SZdbHLKsmjveBNV9V+RoYgQ=
golang.org/x/sys v0.0.0-20180329131831-378d26f46672/go.mod h1:STP8DvDyc/dI5b8T5hshtkjS+E42TnysNCUPdjciGhY=
gopkg.in/check.v1 v0.0.0-20161208181325-20d25e280405/go.mod h1:Co6ibVJAznAaIkqp8huTwlJQCZ016jof/cbN4VW5Yz0=
gopkg.in/yaml.v2 v2.2.1 h1:mUhvW9EsL+naU5Q3cakzfE91YhliOondGd6ZrsDBHQE=
gopkg.in/yaml.v2 v2.2.1/go.mod h1:hI93XBmqTisBFMUTm0b8Fm+jr3Dg1NNxqwp+5A1VGuI=
